
Microsoft Visual Studio Solution File, Format Version 12.00
# Visual Studio Version 17
VisualStudioVersion = 17.7.34031.279
MinimumVisualStudioVersion = 10.0.40219.1
Project("{FAE04EC0-301F-11D3-BF4B-00C04F79EFBC}") = "test", "test.csproj", "{BEF81197-50BE-4BD9-B5A1-E84F23E1B41F}"
EndProject
Global
	GlobalSection(SolutionConfigurationPlatforms) = preSolution
		Debug|Any CPU = Debug|Any CPU
		Release|Any CPU = Release|Any CPU
	EndGlobalSection
	GlobalSection(ProjectConfigurationPlatforms) = postSolution
		{BEF81197-50BE-4BD9-B5A1-E84F23E1B41F}.Debug|Any CPU.ActiveCfg = Debug|Any CPU
		{BEF81197-50BE-4BD9-B5A1-E84F23E1B41F}.Debug|Any CPU.Build.0 = Debug|Any CPU
		{BEF81197-50BE-4BD9-B5A1-E84F23E1B41F}.Release|Any CPU.ActiveCfg = Release|Any CPU
		{BEF81197-50BE-4BD9-B5A1-E84F23E1B41F}.Release|Any CPU.Build.0 = Release|Any CPU
	EndGlobalSection
	GlobalSection(SolutionProperties) = preSolution
		HideSolutionNode = FALSE
	EndGlobalSection
	GlobalSection(ExtensibilityGlobals) = postSolution
		SolutionGuid = {73D170B9-AF58-40C3-9FAF-7C0E06521B23}
	EndGlobalSection
EndGlobal
